// !$*UTF8*$!
{
	archiveVersion = 1;
	classes = {
	};
	objectVersion = 46;
	objects = {

/* Begin PBXBuildFile section */
		204A4C131D377C6500181316 /* main.m in Sources */ = {isa = PBXBuildFile; fileRef = 204A4C121D377C6500181316 /* main.m */; };
		204A4C161D377C6500181316 /* AppDelegate.m in Sources */ = {isa = PBXBuildFile; fileRef = 204A4C151D377C6500181316 /* AppDelegate.m */; };
		204A4C191D377C6500181316 /* ViewController.m in Sources */ = {isa = PBXBuildFile; fileRef = 204A4C181D377C6500181316 /* ViewController.m */; };
		204A4C1C1D377C6500181316 /* Main.storyboard in Resources */ = {isa = PBXBuildFile; fileRef = 204A4C1A1D377C6500181316 /* Main.storyboard */; };
		204A4C1E1D377C6500181316 /* Assets.xcassets in Resources */ = {isa = PBXBuildFile; fileRef = 204A4C1D1D377C6500181316 /* Assets.xcassets */; };
		204A4C211D377C6500181316 /* LaunchScreen.storyboard in Resources */ = {isa = PBXBuildFile; fileRef = 204A4C1F1D377C6500181316 /* LaunchScreen.storyboard */; };
		204A4C2A1D377C7E00181316 /* Person.m in Sources */ = {isa = PBXBuildFile; fileRef = 204A4C291D377C7E00181316 /* Person.m */; };
/* End PBXBuildFile section */

/* Begin PBXFileReference section */
		204A4C0E1D377C6500181316 /* 向服务器发送数据-自定义对象.app */ = {isa = PBXFileReference; explicitFileType = wrapper.application; includeInIndex = 0; path = "向服务器发送数据-自定义对象.app"; sourceTree = BUILT_PRODUCTS_DIR; };
		204A4C121D377C6500181316 /* main.m */ = {isa = PBXFileReference; lastKnownFileType = sourcecode.c.objc; path = main.m; sourceTree = "<group>"; };
		204A4C141D377C6500181316 /* AppDelegate.h */ = {isa = PBXFileReference; lastKnownFileType = sourcecode.c.h; path = AppDelegate.h; sourceTree = "<group>"; };
		204A4C151D377C6500181316 /* AppDelegate.m */ = {isa = PBXFileReference; lastKnownFileType = sourcecode.c.objc; path = AppDelegate.m; sourceTree = "<group>"; };
		204A4C171D377C6500181316 /* ViewController.h */ = {isa = PBXFileReference; lastKnownFileType = sourcecode.c.h; path = ViewController.h; sourceTree = "<group>"; };
		204A4C181D377C6500181316 /* ViewController.m */ = {isa = PBXFileReference; lastKnownFileType = sourcecode.c.objc; path = ViewController.m; sourceTree = "<group>"; };
		204A4C1B1D377C6500181316 /* Base */ = {isa = PBXFileReference; lastKnownFileType = file.storyboard; name = Base; path = Base.lproj/Main.storyboard; sourceTree = "<group>"; };
		204A4C1D1D377C6500181316 /* Assets.xcassets */ = {isa = PBXFileReference; lastKnownFileType = folder.assetcatalog; path = Assets.xcassets; sourceTree = "<group>"; };
		204A4C201D377C6500181316 /* Base */ = {isa = PBXFileReference; lastKnownFileType = file.storyboard; name = Base; path = Base.lproj/LaunchScreen.storyboard; sourceTree = "<group>"; };
		204A4C221D377C6500181316 /* Info.plist */ = {isa = PBXFileReference; lastKnownFileType = text.plist.xml; path = Info.plist; sourceTree = "<group>"; };
		204A4C281D377C7E00181316 /* Person.h */ = {isa = PBXFileReference; fileEncoding = 4; lastKnownFileType = sourcecode.c.h; path = Person.h; sourceTree = "<group>"; };
		204A4C291D377C7E00181316 /* Person.m */ = {isa = PBXFileReference; fileEncoding = 4; lastKnownFileType = sourcecode.c.objc; path = Person.m; sourceTree = "<group>"; };
/* End PBXFileReference section */

/* Begin PBXFrameworksBuildPhase section */
		204A4C0B1D377C6500181316 /* Frameworks */ = {
			isa = PBXFrameworksBuildPhase;
			buildActionMask = 2147483647;
			files = (
			);
			runOnlyForDeploymentPostprocessing = 0;
		};
/* End PBXFrameworksBuildPhase section */

/* Begin PBXGroup section */
		204A4C051D377C6500181316 = {
			isa = PBXGroup;
			children = (
				204A4C101D377C6500181316 /* 向服务器发送数据-自定义对象 */,
				204A4C0F1D377C6500181316 /* Products */,
			);
			sourceTree = "<group>";
		};
		204A4C0F1D377C6500181316 /* Products */ = {
			isa = PBXGroup;
			children = (
				204A4C0E1D377C6500181316 /* 向服务器发送数据-自定义对象.app */,
			);
			name = Products;
			sourceTree = "<group>";
		};
		204A4C101D377C6500181316 /* 向服务器发送数据-自定义对象 */ = {
			isa = PBXGroup;
			children = (
				204A4C141D377C6500181316 /* AppDelegate.h */,
				204A4C151D377C6500181316 /* AppDelegate.m */,
				204A4C171D377C6500181316 /* ViewController.h */,
				204A4C181D377C6500181316 /* ViewController.m */,
				204A4C281D377C7E00181316 /* Person.h */,
				204A4C291D377C7E00181316 /* Person.m */,
				204A4C1A1D377C6500181316 /* Main.storyboard */,
				204A4C1D1D377C6500181316 /* Assets.xcassets */,
				204A4C1F1D377C6500181316 /* LaunchScreen.storyboard */,
				204A4C221D377C6500181316 /* Info.plist */,
				204A4C111D377C6500181316 /* Supporting Files */,
			);
			path = "向服务器发送数据-自定义对象";
			sourceTree = "<group>";
		};
		204A4C111D377C6500181316 /* Supporting Files */ = {
			isa = PBXGroup;
			children = (
				204A4C121D377C6500181316 /* main.m */,
			);
			name = "Supporting Files";
			sourceTree = "<group>";
		};
/* End PBXGroup section */

/* Begin PBXNativeTarget section */
		204A4C0D1D377C6500181316 /* 向服务器发送数据-自定义对象 */ = {
			isa = PBXNativeTarget;
			buildConfigurationList = 204A4C251D377C6500181316 /* Build configuration list for PBXNativeTarget "向服务器发送数据-自定义对象" */;
			buildPhases = (
				204A4C0A1D377C6500181316 /* Sources */,
				204A4C0B1D377C6500181316 /* Frameworks */,
				204A4C0C1D377C6500181316 /* Resources */,
			);
			buildRules = (
			);
			dependencies = (
			);
			name = "向服务器发送数据-自定义对象";
			productName = "向服务器发送数据-自定义对象";
			productReference = 204A4C0E1D377C6500181316 /* 向服务器发送数据-自定义对象.app */;
			productType = "com.apple.product-type.application";
		};
/* End PBXNativeTarget section */

/* Begin PBXProject section */
		204A4C061D377C6500181316 /* Project object */ = {
			isa = PBXProject;
			attributes = {
				LastUpgradeCheck = 0710;
				ORGANIZATIONNAME = "王帅龙";
				TargetAttributes = {
					204A4C0D1D377C6500181316 = {
						CreatedOnToolsVersion = 7.1;
					};
				};
			};
			buildConfigurationList = 204A4C091D377C6500181316 /* Build configuration list for PBXProject "向服务器发送数据-自定义对象" */;
			compatibilityVersion = "Xcode 3.2";
			developmentRegion = English;
			hasScannedForEncodings = 0;
			knownRegions = (
				en,
				Base,
			);
			mainGroup = 204A4C051D377C6500181316;
			productRefGroup = 204A4C0F1D377C6500181316 /* Products */;
			projectDirPath = "";
			projectRoot = "";
			targets = (
				204A4C0D1D377C6500181316 /* 向服务器发送数据-自定义对象 */,
			);
		};
/* End PBXProject section */

/* Begin PBXResourcesBuildPhase section */
		204A4C0C1D377C6500181316 /* Resources */ = {
			isa = PBXResourcesBuildPhase;
			buildActionMask = 2147483647;
			files = (
				204A4C211D377C6500181316 /* LaunchScreen.storyboard in Resources */,
				204A4C1E1D377C6500181316 /* Assets.xcassets in Resources */,
				204A4C1C1D377C6500181316 /* Main.storyboard in Resources */,
			);
			runOnlyForDeploymentPostprocessing = 0;
		};
/* End PBXResourcesBuildPhase section */

/* Begin PBXSourcesBuildPhase section */
		204A4C0A1D377C6500181316 /* Sources */ = {
			isa = PBXSourcesBuildPhase;
			buildActionMask = 2147483647;
			files = (
				204A4C191D377C6500181316 /* ViewController.m in Sources */,
				204A4C161D377C6500181316 /* AppDelegate.m in Sources */,
				204A4C2A1D377C7E00181316 /* Person.m in Sources */,
				204A4C131D377C6500181316 /* main.m in Sources */,
			);
			runOnlyForDeploymentPostprocessing = 0;
		};
/* End PBXSourcesBuildPhase section */

/* Begin PBXVariantGroup section */
		204A4C1A1D377C6500181316 /* Main.storyboard */ = {
			isa = PBXVariantGroup;
			children = (
				204A4C1B1D377C6500181316 /* Base */,
			);
			name = Main.storyboard;
			sourceTree = "<group>";
		};
		204A4C1F1D377C6500181316 /* LaunchScreen.storyboard */ = {
			isa = PBXVariantGroup;
			children = (
				204A4C201D377C6500181316 /* Base */,
			);
			name = LaunchScreen.storyboard;
			sourceTree = "<group>";
		};
/* End PBXVariantGroup section */

/* Begin XCBuildConfiguration section */
		204A4C231D377C6500181316 /* Debug */ = {
			isa = XCBuildConfiguration;
			buildSettings = {
				ALWAYS_SEARCH_USER_PATHS = NO;
				CLANG_CXX_LANGUAGE_STANDARD = "gnu++0x";
				CLANG_CXX_LIBRARY = "libc++";
				CLANG_ENABLE_MODULES = YES;
				CLANG_ENABLE_OBJC_ARC = YES;
				CLANG_WARN_BOOL_CONVERSION = YES;
				CLANG_WARN_CONSTANT_CONVERSION = YES;
				CLANG_WARN_DIRECT_OBJC_ISA_USAGE = YES_ERROR;
				CLANG_WARN_EMPTY_BODY = YES;
				CLANG_WARN_ENUM_CONVERSION = YES;
				CLANG_WARN_INT_CONVERSION = YES;
				CLANG_WARN_OBJC_ROOT_CLASS = YES_ERROR;
				CLANG_WARN_UNREACHABLE_CODE = YES;
				CLANG_WARN__DUPLICATE_METHOD_MATCH = YES;
				"CODE_SIGN_IDENTITY[sdk=iphoneos*]" = "iPhone Developer";
				COPY_PHASE_STRIP = NO;
				DEBUG_INFORMATION_FORMAT = dwarf;
				ENABLE_STRICT_OBJC_MSGSEND = YES;
				ENABLE_TESTABILITY = YES;
				GCC_C_LANGUAGE_STANDARD = gnu99;
				GCC_DYNAMIC_NO_PIC = NO;
				GCC_NO_COMMON_BLOCKS = YES;
				GCC_OPTIMIZATION_LEVEL = 0;
				GCC_PREPROCESSOR_DEFINITIONS = (
					"DEBUG=1",
					"$(inherited)",
				);
				GCC_WARN_64_TO_32_BIT_CONVERSION = YES;
				GCC_WARN_ABOUT_RETURN_TYPE = YES_ERROR;
				GCC_WARN_UNDECLARED_SELECTOR = YES;
				GCC_WARN_UNINITIALIZED_AUTOS = YES_AGGRESSIVE;
				GCC_WARN_UNUSED_FUNCTION = YES;
				GCC_WARN_UNUSED_VARIABLE = YES;
				IPHONEOS_DEPLOYMENT_TARGET = 9.1;
				MTL_ENABLE_DEBUG_INFO = YES;
				ONLY_ACTIVE_ARCH = YES;
				SDKROOT = iphoneos;
			};
			name = Debug;
		};
		204A4C241D377C6500181316 /* Release */ = {
			isa = XCBuildConfiguration;
			buildSettings = {
				ALWAYS_SEARCH_USER_PATHS = NO;
				CLANG_CXX_LANGUAGE_STANDARD = "gnu++0x";
				CLANG_CXX_LIBRARY = "libc++";
				CLANG_ENABLE_MODULES = YES;
				CLANG_ENABLE_OBJC_ARC = YES;
				CLANG_WARN_BOOL_CONVERSION = YES;
				CLANG_WARN_CONSTANT_CONVERSION = YES;
				CLANG_WARN_DIRECT_OBJC_ISA_USAGE = YES_ERROR;
				CLANG_WARN_EMPTY_BODY = YES;
				CLANG_WARN_ENUM_CONVERSION = YES;
				CLANG_WARN_INT_CONVERSION = YES;
				CLANG_WARN_OBJC_ROOT_CLASS = YES_ERROR;
				CLANG_WARN_UNREACHABLE_CODE = YES;
				CLANG_WARN__DUPLICATE_METHOD_MATCH = YES;
				"CODE_SIGN_IDENTITY[sdk=iphoneos*]" = "iPhone Developer";
				COPY_PHASE_STRIP = NO;
				DEBUG_INFORMATION_FORMAT = "dwarf-with-dsym";
				ENABLE_NS_ASSERTIONS = NO;
				ENABLE_STRICT_OBJC_MSGSEND = YES;
				GCC_C_LANGUAGE_STANDARD = gnu99;
				GCC_NO_COMMON_BLOCKS = YES;
				GCC_WARN_64_TO_32_BIT_CONVERSION = YES;
				GCC_WARN_ABOUT_RETURN_TYPE = YES_ERROR;
				GCC_WARN_UNDECLARED_SELECTOR = YES;
				GCC_WARN_UNINITIALIZED_AUTOS = YES_AGGRESSIVE;
				GCC_WARN_UNUSED_FUNCTION = YES;
				GCC_WARN_UNUSED_VARIABLE = YES;
				IPHONEOS_DEPLOYMENT_TARGET = 9.1;
				MTL_ENABLE_DEBUG_INFO = NO;
				SDKROOT = iphoneos;
				VALIDATE_PRODUCT = YES;
			};
			name = Release;
		};
		204A4C261D377C6500181316 /* Debug */ = {
			isa = XCBuildConfiguration;
			buildSettings = {
				ASSETCATALOG_COMPILER_APPICON_NAME = AppIcon;
				INFOPLIST_FILE = "向服务器发送数据-自定义对象/Info.plist";
				LD_RUNPATH_SEARCH_PATHS = "$(inherited) @executable_path/Frameworks";
				PRODUCT_BUNDLE_IDENTIFIER = "cn.it.--------------";
				PRODUCT_NAME = "$(TARGET_NAME)";
			};
			name = Debug;
		};
		204A4C271D377C6500181316 /* Release */ = {
			isa = XCBuildConfiguration;
			buildSettings = {
				ASSETCATALOG_COMPILER_APPICON_NAME = AppIcon;
				INFOPLIST_FILE = "向服务器发送数据-自定义对象/Info.plist";
				LD_RUNPATH_SEARCH_PATHS = "$(inherited) @executable_path/Frameworks";
				PRODUCT_BUNDLE_IDENTIFIER = "cn.it.--------------";
				PRODUCT_NAME = "$(TARGET_NAME)";
			};
			name = Release;
		};
/* End XCBuildConfiguration section */

/* Begin XCConfigurationList section */
		204A4C091D377C6500181316 /* Build configuration list for PBXProject "向服务器发送数据-自定义对象" */ = {
			isa = XCConfigurationList;
			buildConfigurations = (
				204A4C231D377C6500181316 /* Debug */,
				204A4C241D377C6500181316 /* Release */,
			);
			defaultConfigurationIsVisible = 0;
			defaultConfigurationName = Release;
		};
		204A4C251D377C6500181316 /* Build configuration list for PBXNativeTarget "向服务器发送数据-自定义对象" */ = {
			isa = XCConfigurationList;
			buildConfigurations = (
				204A4C261D377C6500181316 /* Debug */,
				204A4C271D377C6500181316 /* Release */,
			);
			defaultConfigurationIsVisible = 0;
		};
/* End XCConfigurationList section */
	};
	rootObject = 204A4C061D377C6500181316 /* Project object */;
}
